
Microsoft Visual Studio Solution File, Format Version 12.00
# Visual Studio Version 16
VisualStudioVersion = 16.0.29001.49
MinimumVisualStudioVersion = 10.0.40219.1
Project("{F184B08F-C81C-45F6-A57F-5ABD9991F28F}") = "AlunoCRUD", "AlunoCRUD\AlunoCRUD.vbproj", "{872ABA8C-67EC-456A-B52E-F3B9234E2E2A}"
EndProject
Project("{F184B08F-C81C-45F6-A57F-5ABD9991F28F}") = "UnitTestAlunoCRUD", "UnitTestAlunoCRUD\UnitTestAlunoCRUD.vbproj", "{BC077426-E465-452A-B4B7-EA2E591ACE2C}"
EndProject
Global
	GlobalSection(SolutionConfigurationPlatforms) = preSolution
		Debug|Any CPU = Debug|Any CPU
		Release|Any CPU = Release|Any CPU
	EndGlobalSection
	GlobalSection(ProjectConfigurationPlatforms) = postSolution
		{872ABA8C-67EC-456A-B52E-F3B9234E2E2A}.Debug|Any CPU.ActiveCfg = Debug|Any CPU
		{872ABA8C-67EC-456A-B52E-F3B9234E2E2A}.Debug|Any CPU.Build.0 = Debug|Any CPU
		{872ABA8C-67EC-456A-B52E-F3B9234E2E2A}.Release|Any CPU.ActiveCfg = Release|Any CPU
		{872ABA8C-67EC-456A-B52E-F3B9234E2E2A}.Release|Any CPU.Build.0 = Release|Any CPU
		{BC077426-E465-452A-B4B7-EA2E591ACE2C}.Debug|Any CPU.ActiveCfg = Debug|Any CPU
		{BC077426-E465-452A-B4B7-EA2E591ACE2C}.Debug|Any CPU.Build.0 = Debug|Any CPU
		{BC077426-E465-452A-B4B7-EA2E591ACE2C}.Release|Any CPU.ActiveCfg = Release|Any CPU
		{BC077426-E465-452A-B4B7-EA2E591ACE2C}.Release|Any CPU.Build.0 = Release|Any CPU
	EndGlobalSection
	GlobalSection(SolutionProperties) = preSolution
		HideSolutionNode = FALSE
	EndGlobalSection
	GlobalSection(ExtensibilityGlobals) = postSolution
		SolutionGuid = {EE5E8AE0-84C7-401C-8E80-8268A4AAB4CF}
	EndGlobalSection
EndGlobal
